
Microsoft Visual Studio Solution File, Format Version 11.00
# Visual Studio Express 2010 for Windows Desktop
Project("{FAE04EC0-301F-11D3-BF4B-00C04F79EFBC}") = "AccumulatedSummaryPlugin", "AccumulatedSummaryPlugin\AccumulatedSummaryPlugin.csproj", "{0E07D957-12EF-48F3-971C-FD098BDE5BFC}"
EndProject
Project("{FAE04EC0-301F-11D3-BF4B-00C04F79EFBC}") = "HighscorePlugin", "HighScorePlugin\HighscorePlugin.csproj", "{00AA7ECA-95A0-4167-9C74-AD4D2E056BFE}"
EndProject
Project("{FAE04EC0-301F-11D3-BF4B-00C04F79EFBC}") = "OverlayPlugin", "OverlayPlugin\OverlayPlugin.csproj", "{119B99D1-2FCB-4355-880A-BACF38D18650}"
EndProject
Project("{FAE04EC0-301F-11D3-BF4B-00C04F79EFBC}") = "PerformancePredictorPlugin", "PerformancePredictorPlugin\PerformancePredictorPlugin.csproj", "{FA1AA377-3849-4384-9D19-F95252586E0C}"
EndProject
Project("{FAE04EC0-301F-11D3-BF4B-00C04F79EFBC}") = "UniqueRoutesPlugin", "UniqueRoutesPlugin\UniqueRoutesPlugin.csproj", "{AE71FE1B-45C9-4B91-BD76-D219DAAC1F0C}"
EndProject
Project("{FAE04EC0-301F-11D3-BF4B-00C04F79EFBC}") = "TRIMPPlugin", "TRIMPPlugin\TRIMPPlugin.csproj", "{B43B69F5-3071-4CDC-93D4-A8D50C849226}"
EndProject
Global
	GlobalSection(SolutionConfigurationPlatforms) = preSolution
		ST3.0Debug|Any CPU = ST3.0Debug|Any CPU
		ST3.0Profile|Any CPU = ST3.0Profile|Any CPU
		ST3.0Release|Any CPU = ST3.0Release|Any CPU
	EndGlobalSection
	GlobalSection(ProjectConfigurationPlatforms) = postSolution
		{0E07D957-12EF-48F3-971C-FD098BDE5BFC}.ST3.0Debug|Any CPU.ActiveCfg = ST3.0Debug|Any CPU
		{0E07D957-12EF-48F3-971C-FD098BDE5BFC}.ST3.0Debug|Any CPU.Build.0 = ST3.0Debug|Any CPU
		{0E07D957-12EF-48F3-971C-FD098BDE5BFC}.ST3.0Profile|Any CPU.ActiveCfg = ST3.0Profile|Any CPU
		{0E07D957-12EF-48F3-971C-FD098BDE5BFC}.ST3.0Release|Any CPU.ActiveCfg = ST3.0Release|Any CPU
		{0E07D957-12EF-48F3-971C-FD098BDE5BFC}.ST3.0Release|Any CPU.Build.0 = ST3.0Release|Any CPU
		{00AA7ECA-95A0-4167-9C74-AD4D2E056BFE}.ST3.0Debug|Any CPU.ActiveCfg = ST3.0Debug|Any CPU
		{00AA7ECA-95A0-4167-9C74-AD4D2E056BFE}.ST3.0Debug|Any CPU.Build.0 = ST3.0Debug|Any CPU
		{00AA7ECA-95A0-4167-9C74-AD4D2E056BFE}.ST3.0Profile|Any CPU.ActiveCfg = ST3.0Profile|Any CPU
		{00AA7ECA-95A0-4167-9C74-AD4D2E056BFE}.ST3.0Profile|Any CPU.Build.0 = ST3.0Profile|Any CPU
		{00AA7ECA-95A0-4167-9C74-AD4D2E056BFE}.ST3.0Release|Any CPU.ActiveCfg = ST3.0Release|Any CPU
		{00AA7ECA-95A0-4167-9C74-AD4D2E056BFE}.ST3.0Release|Any CPU.Build.0 = ST3.0Release|Any CPU
		{119B99D1-2FCB-4355-880A-BACF38D18650}.ST3.0Debug|Any CPU.ActiveCfg = ST3.0Debug|Any CPU
		{119B99D1-2FCB-4355-880A-BACF38D18650}.ST3.0Debug|Any CPU.Build.0 = ST3.0Debug|Any CPU
		{119B99D1-2FCB-4355-880A-BACF38D18650}.ST3.0Profile|Any CPU.ActiveCfg = ST3.0Profile|Any CPU
		{119B99D1-2FCB-4355-880A-BACF38D18650}.ST3.0Release|Any CPU.ActiveCfg = ST3.0Release|Any CPU
		{119B99D1-2FCB-4355-880A-BACF38D18650}.ST3.0Release|Any CPU.Build.0 = ST3.0Release|Any CPU
		{FA1AA377-3849-4384-9D19-F95252586E0C}.ST3.0Debug|Any CPU.ActiveCfg = ST3.0Debug|Any CPU
		{FA1AA377-3849-4384-9D19-F95252586E0C}.ST3.0Debug|Any CPU.Build.0 = ST3.0Debug|Any CPU
		{FA1AA377-3849-4384-9D19-F95252586E0C}.ST3.0Profile|Any CPU.ActiveCfg = ST3.0Profile|Any CPU
		{FA1AA377-3849-4384-9D19-F95252586E0C}.ST3.0Profile|Any CPU.Build.0 = ST3.0Profile|Any CPU
		{FA1AA377-3849-4384-9D19-F95252586E0C}.ST3.0Release|Any CPU.ActiveCfg = ST3.0Release|Any CPU
		{FA1AA377-3849-4384-9D19-F95252586E0C}.ST3.0Release|Any CPU.Build.0 = ST3.0Release|Any CPU
		{AE71FE1B-45C9-4B91-BD76-D219DAAC1F0C}.ST3.0Debug|Any CPU.ActiveCfg = ST3.0Debug|Any CPU
		{AE71FE1B-45C9-4B91-BD76-D219DAAC1F0C}.ST3.0Debug|Any CPU.Build.0 = ST3.0Debug|Any CPU
		{AE71FE1B-45C9-4B91-BD76-D219DAAC1F0C}.ST3.0Profile|Any CPU.ActiveCfg = ST3.0Profile|Any CPU
		{AE71FE1B-45C9-4B91-BD76-D219DAAC1F0C}.ST3.0Profile|Any CPU.Build.0 = ST3.0Profile|Any CPU
		{AE71FE1B-45C9-4B91-BD76-D219DAAC1F0C}.ST3.0Release|Any CPU.ActiveCfg = ST3.0Release|Any CPU
		{AE71FE1B-45C9-4B91-BD76-D219DAAC1F0C}.ST3.0Release|Any CPU.Build.0 = ST3.0Release|Any CPU
		{B43B69F5-3071-4CDC-93D4-A8D50C849226}.ST3.0Debug|Any CPU.ActiveCfg = ST3.0Debug|Any CPU
		{B43B69F5-3071-4CDC-93D4-A8D50C849226}.ST3.0Debug|Any CPU.Build.0 = ST3.0Debug|Any CPU
		{B43B69F5-3071-4CDC-93D4-A8D50C849226}.ST3.0Profile|Any CPU.ActiveCfg = ST3.0Profile|Any CPU
		{B43B69F5-3071-4CDC-93D4-A8D50C849226}.ST3.0Release|Any CPU.ActiveCfg = ST3.0Release|Any CPU
		{B43B69F5-3071-4CDC-93D4-A8D50C849226}.ST3.0Release|Any CPU.Build.0 = ST3.0Release|Any CPU
	EndGlobalSection
	GlobalSection(SolutionProperties) = preSolution
		HideSolutionNode = FALSE
	EndGlobalSection
EndGlobal
